
Microsoft Visual Studio Solution File, Format Version 12.00
# Visual Studio Version 17
VisualStudioVersion = 17.9.34728.123
MinimumVisualStudioVersion = 10.0.40219.1
Project("{FAE04EC0-301F-11D3-BF4B-00C04F79EFBC}") = "WindowsFormsApp1", "WindowsFormsApp1.csproj", "{156424CC-1D04-4AA1-8CDC-99DCB4D845E0}"
EndProject
Global
	GlobalSection(SolutionConfigurationPlatforms) = preSolution
		Debug|Any CPU = Debug|Any CPU
		Release|Any CPU = Release|Any CPU
	EndGlobalSection
	GlobalSection(ProjectConfigurationPlatforms) = postSolution
		{156424CC-1D04-4AA1-8CDC-99DCB4D845E0}.Debug|Any CPU.ActiveCfg = Debug|Any CPU
		{156424CC-1D04-4AA1-8CDC-99DCB4D845E0}.Debug|Any CPU.Build.0 = Debug|Any CPU
		{156424CC-1D04-4AA1-8CDC-99DCB4D845E0}.Release|Any CPU.ActiveCfg = Release|Any CPU
		{156424CC-1D04-4AA1-8CDC-99DCB4D845E0}.Release|Any CPU.Build.0 = Release|Any CPU
	EndGlobalSection
	GlobalSection(SolutionProperties) = preSolution
		HideSolutionNode = FALSE
	EndGlobalSection
	GlobalSection(ExtensibilityGlobals) = postSolution
		SolutionGuid = {39FD61D5-11B5-41A7-AE78-F0562D2D2B6C}
	EndGlobalSection
EndGlobal
